
Microsoft Visual Studio Solution File, Format Version 12.00
# Visual Studio Version 16
VisualStudioVersion = 16.0.31229.75
MinimumVisualStudioVersion = 10.0.40219.1
Project("{FAE04EC0-301F-11D3-BF4B-00C04F79EFBC}") = "DrapperDemo", "DrapperDemo\DrapperDemo.csproj", "{93A2920E-6139-4C28-A1B0-1A0AEEBD351E}"
EndProject
Global
	GlobalSection(SolutionConfigurationPlatforms) = preSolution
		Debug|Any CPU = Debug|Any CPU
		Release|Any CPU = Release|Any CPU
	EndGlobalSection
	GlobalSection(ProjectConfigurationPlatforms) = postSolution
		{93A2920E-6139-4C28-A1B0-1A0AEEBD351E}.Debug|Any CPU.ActiveCfg = Debug|Any CPU
		{93A2920E-6139-4C28-A1B0-1A0AEEBD351E}.Debug|Any CPU.Build.0 = Debug|Any CPU
		{93A2920E-6139-4C28-A1B0-1A0AEEBD351E}.Release|Any CPU.ActiveCfg = Release|Any CPU
		{93A2920E-6139-4C28-A1B0-1A0AEEBD351E}.Release|Any CPU.Build.0 = Release|Any CPU
	EndGlobalSection
	GlobalSection(SolutionProperties) = preSolution
		HideSolutionNode = FALSE
	EndGlobalSection
	GlobalSection(ExtensibilityGlobals) = postSolution
		SolutionGuid = {A382C140-14CE-4CBC-803E-EF6EF4DA920B}
	EndGlobalSection
EndGlobal
